{
    "requires": true,
    "lockfileVersion": 1,
    "dependencies": {
        "froala-editor": {
            "version": "3.0.5",
            "resolved": "https://registry.npmjs.org/froala-editor/-/froala-editor-3.0.5.tgz",
            "integrity": "sha512-DWdKuhtRnI/OSOVaC03Vqc3Y9AiqZVCPQ/D8Si/3yu/FJgxdjFVGluseAEVmz2AhHe2lh6ni2S7SqDOuk/8XJg=="
        }
    }
}
